
Microsoft Visual Studio Solution File, Format Version 12.00
# Visual Studio Version 17
VisualStudioVersion = 17.10.34928.147
MinimumVisualStudioVersion = 10.0.40219.1
Project("{FAE04EC0-301F-11D3-BF4B-00C04F79EFBC}") = "EditClipboardItems", "EditClipboardItems.csproj", "{89742039-925E-42AF-9DAF-A3DD0C7D064B}"
EndProject
Global
	GlobalSection(SolutionConfigurationPlatforms) = preSolution
		Debug|Any CPU = Debug|Any CPU
		Release|Any CPU = Release|Any CPU
	EndGlobalSection
	GlobalSection(ProjectConfigurationPlatforms) = postSolution
		{89742039-925E-42AF-9DAF-A3DD0C7D064B}.Debug|Any CPU.ActiveCfg = Debug|Any CPU
		{89742039-925E-42AF-9DAF-A3DD0C7D064B}.Debug|Any CPU.Build.0 = Debug|Any CPU
		{89742039-925E-42AF-9DAF-A3DD0C7D064B}.Release|Any CPU.ActiveCfg = Release|Any CPU
		{89742039-925E-42AF-9DAF-A3DD0C7D064B}.Release|Any CPU.Build.0 = Release|Any CPU
	EndGlobalSection
	GlobalSection(SolutionProperties) = preSolution
		HideSolutionNode = FALSE
	EndGlobalSection
	GlobalSection(ExtensibilityGlobals) = postSolution
		SolutionGuid = {EBCED4CE-3C59-4031-8873-82DC24F4B705}
	EndGlobalSection
EndGlobal
